
Microsoft Visual Studio Solution File, Format Version 12.00
# Visual Studio Version 17
VisualStudioVersion = 17.1.32210.238
MinimumVisualStudioVersion = 10.0.40219.1
Project("{FAE04EC0-301F-11D3-BF4B-00C04F79EFBC}") = "PS5App", "PS5App\PS5App.csproj", "{EAE7A66A-D7B7-4D4F-A4DE-4837AF482DF7}"
EndProject
Global
	GlobalSection(SolutionConfigurationPlatforms) = preSolution
		Debug|Any CPU = Debug|Any CPU
		Release|Any CPU = Release|Any CPU
	EndGlobalSection
	GlobalSection(ProjectConfigurationPlatforms) = postSolution
		{EAE7A66A-D7B7-4D4F-A4DE-4837AF482DF7}.Debug|Any CPU.ActiveCfg = Debug|Any CPU
		{EAE7A66A-D7B7-4D4F-A4DE-4837AF482DF7}.Debug|Any CPU.Build.0 = Debug|Any CPU
		{EAE7A66A-D7B7-4D4F-A4DE-4837AF482DF7}.Release|Any CPU.ActiveCfg = Release|Any CPU
		{EAE7A66A-D7B7-4D4F-A4DE-4837AF482DF7}.Release|Any CPU.Build.0 = Release|Any CPU
	EndGlobalSection
	GlobalSection(SolutionProperties) = preSolution
		HideSolutionNode = FALSE
	EndGlobalSection
	GlobalSection(ExtensibilityGlobals) = postSolution
		SolutionGuid = {EC2F8ACD-23FD-4D25-B634-36F76A8C4B43}
	EndGlobalSection
EndGlobal
